dependencies:
  espressif/esp32-camera:
    component_hash: b8ac31f1c94f5f051f4a19b7c7ccdb1ee53fcb63f13b340c496ba178bdd6305a
    source:
      service_url: https://api.components.espressif.com/
      type: service
    version: 2.0.6
  idf:
    component_hash: null
    source:
      type: idf
    version: 5.1.0
manifest_hash: e1b635ab2eb3f9fe10f56cb4efb461846b3c774c985de58ba1ed5239f59cb49f
target: esp32
version: 1.0.0
